
Microsoft Visual Studio Solution File, Format Version 12.00
# Visual Studio Version 17
VisualStudioVersion = 17.13.35806.99 d17.13
MinimumVisualStudioVersion = 10.0.40219.1
Project("{FAE04EC0-301F-11D3-BF4B-00C04F79EFBC}") = "Labo-6---Inheritance", "Labo-6---Inheritance\Labo-6---Inheritance.csproj", "{BC9683D4-B78C-4BDC-9282-C5DC92300203}"
EndProject
Global
	GlobalSection(SolutionConfigurationPlatforms) = preSolution
		Debug|Any CPU = Debug|Any CPU
		Release|Any CPU = Release|Any CPU
	EndGlobalSection
	GlobalSection(ProjectConfigurationPlatforms) = postSolution
		{BC9683D4-B78C-4BDC-9282-C5DC92300203}.Debug|Any CPU.ActiveCfg = Debug|Any CPU
		{BC9683D4-B78C-4BDC-9282-C5DC92300203}.Debug|Any CPU.Build.0 = Debug|Any CPU
		{BC9683D4-B78C-4BDC-9282-C5DC92300203}.Release|Any CPU.ActiveCfg = Release|Any CPU
		{BC9683D4-B78C-4BDC-9282-C5DC92300203}.Release|Any CPU.Build.0 = Release|Any CPU
	EndGlobalSection
	GlobalSection(SolutionProperties) = preSolution
		HideSolutionNode = FALSE
	EndGlobalSection
	GlobalSection(ExtensibilityGlobals) = postSolution
		SolutionGuid = {F8BBB3AE-6309-465A-B218-CE6A8860238C}
	EndGlobalSection
EndGlobal
